
Microsoft Visual Studio Solution File, Format Version 12.00
# Visual Studio Version 17
VisualStudioVersion = 17.14.36717.8
MinimumVisualStudioVersion = 10.0.40219.1
Project("{FAE04EC0-301F-11D3-BF4B-00C04F79EFBC}") = "laba-2.5", "laba-2.5.csproj", "{D8CEEC9F-6B48-43D4-B1AE-509C09D997FE}"
EndProject
Project("{2150E333-8FDC-42A3-9474-1A3956D46DE8}") = "Элементы решения", "Элементы решения", "{754FC069-D67B-A9D7-50A1-8D1CA196D8F1}"
EndProject
Global
	GlobalSection(SolutionConfigurationPlatforms) = preSolution
		Debug|Any CPU = Debug|Any CPU
		Debug|ARM64 = Debug|ARM64
		Debug|x86 = Debug|x86
		Release|Any CPU = Release|Any CPU
		Release|ARM64 = Release|ARM64
		Release|x86 = Release|x86
	EndGlobalSection
	GlobalSection(ProjectConfigurationPlatforms) = postSolution
		{D8CEEC9F-6B48-43D4-B1AE-509C09D997FE}.Debug|Any CPU.ActiveCfg = Debug|Any CPU
		{D8CEEC9F-6B48-43D4-B1AE-509C09D997FE}.Debug|Any CPU.Build.0 = Debug|Any CPU
		{D8CEEC9F-6B48-43D4-B1AE-509C09D997FE}.Debug|ARM64.ActiveCfg = Debug|ARM64
		{D8CEEC9F-6B48-43D4-B1AE-509C09D997FE}.Debug|ARM64.Build.0 = Debug|ARM64
		{D8CEEC9F-6B48-43D4-B1AE-509C09D997FE}.Debug|x86.ActiveCfg = Debug|x86
		{D8CEEC9F-6B48-43D4-B1AE-509C09D997FE}.Debug|x86.Build.0 = Debug|x86
		{D8CEEC9F-6B48-43D4-B1AE-509C09D997FE}.Release|Any CPU.ActiveCfg = Release|Any CPU
		{D8CEEC9F-6B48-43D4-B1AE-509C09D997FE}.Release|Any CPU.Build.0 = Release|Any CPU
		{D8CEEC9F-6B48-43D4-B1AE-509C09D997FE}.Release|ARM64.ActiveCfg = Release|ARM64
		{D8CEEC9F-6B48-43D4-B1AE-509C09D997FE}.Release|ARM64.Build.0 = Release|ARM64
		{D8CEEC9F-6B48-43D4-B1AE-509C09D997FE}.Release|x86.ActiveCfg = Release|x86
		{D8CEEC9F-6B48-43D4-B1AE-509C09D997FE}.Release|x86.Build.0 = Release|x86
	EndGlobalSection
	GlobalSection(SolutionProperties) = preSolution
		HideSolutionNode = FALSE
	EndGlobalSection
	GlobalSection(ExtensibilityGlobals) = postSolution
		SolutionGuid = {0CDC438D-FFB1-400C-853E-D61B05759F99}
	EndGlobalSection
EndGlobal
